
Microsoft Visual Studio Solution File, Format Version 12.00
# Visual Studio Version 17
VisualStudioVersion = 17.1.32421.90
MinimumVisualStudioVersion = 10.0.40219.1
Project("{FAE04EC0-301F-11D3-BF4B-00C04F79EFBC}") = "BillingInventoryManagement", "BillingInventoryManagement.csproj", "{F4663182-B6CA-4E9B-903B-6F33833485D4}"
EndProject
Global
	GlobalSection(SolutionConfigurationPlatforms) = preSolution
		Debug|Any CPU = Debug|Any CPU
		Release|Any CPU = Release|Any CPU
	EndGlobalSection
	GlobalSection(ProjectConfigurationPlatforms) = postSolution
		{F4663182-B6CA-4E9B-903B-6F33833485D4}.Debug|Any CPU.ActiveCfg = Debug|Any CPU
		{F4663182-B6CA-4E9B-903B-6F33833485D4}.Debug|Any CPU.Build.0 = Debug|Any CPU
		{F4663182-B6CA-4E9B-903B-6F33833485D4}.Release|Any CPU.ActiveCfg = Release|Any CPU
		{F4663182-B6CA-4E9B-903B-6F33833485D4}.Release|Any CPU.Build.0 = Release|Any CPU
	EndGlobalSection
	GlobalSection(SolutionProperties) = preSolution
		HideSolutionNode = FALSE
	EndGlobalSection
	GlobalSection(ExtensibilityGlobals) = postSolution
		SolutionGuid = {AA20A316-0760-4304-AB66-7C13EB9F99EB}
	EndGlobalSection
EndGlobal
